version = 1
revision = 3
requires-python = ">=3.10"
resolution-markers = [
    "python_full_version >= '3.14'",
    "python_full_version == '3.13.*'",
    "python_full_version >= '3.11' and python_full_version < '3.13'",
    "python_full_version < '3.11'",
]

[options]
exclude-newer = "2026-06-10T00:00:00Z"

[options.exclude-newer-package]
starlette = "2026-06-13T00:00:00Z"
headroom-ai = "2026-07-04T00:00:00Z"

[manifest]
overrides = [
    { name = "litellm", specifier = ">=1.84.6" },
    { name = "starlette", specifier = ">=1.3.1" },
]

[[package]]
name = "aiohappyeyeballs"
version = "2.6.2"
source = { registry = "https://pypi.org/simple" }
sdist = { url = "https://files.pythonhosted.org/packages/33/c6/61a2d7b7572279226bb2e7f61d7a19ca7c90da0329c93fa0d560cbf288d8/aiohappyeyeballs-2.6.2.tar.gz", hash = "sha256:e202810ee718bd01fc6ef49e8ea53d023d5cb6b581076d7925aa499fa55dbe64", size = 22591, upload-time = "2026-05-20T15:12:24.631Z" }
wheels = [
    { url = "https://files.pythonhosted.org/packages/5f/fc/a7bf5b6e4e617b45f90f2d9d2a68519c249c81dd4fc2658c7a2a61c4f4b7/aiohappyeyeballs-2.6.2-py3-none-any.whl", hash = "sha256:4708045e2d7a6c6bdf8aafa8ed39649eaf926a4543b54560659129e3365953c4", size = 15062, upload-time = "2026-05-20T15:12:23.328Z" },
]

[[package]]
name = "aiohttp"
version = "3.14.1"
source = { registry = "https://pypi.org/simple" }
dependencies = [
    { name = "aiohappyeyeballs" },
    { name = "aiosignal" },
    { name = "async-timeout", marker = "python_full_version < '3.11'" },
    { name = "attrs" },
    { name = "frozenlist" },
    { name = "multidict" },
    { name = "propcache" },
    { name = "typing-extensions", marker = "python_full_version < '3.13'" },
    { name = "yarl" },
]
sdist = { url = "https://files.pythonhosted.org/packages/82/78/8ea7308cac6934de8c74a14f3d5f65d1c89287426688be79538d0e5c013d/aiohttp-3.14.1.tar.gz", hash = "sha256:307f2cff90a764d329e77040603fa032db89c5c24fdad50c4c15334cba744035", size = 7955794, upload-time = "2026-06-07T21:09:35.529Z" }
wheels = [
    { url = "https://files.pythonhosted.org/packages/6d/67/58ded4b3f2e10f94972d8928050c85330e249a31dd45a0e5f3c0e9c3fa05/aiohttp-3.14.1-cp310-cp310-macosx_10_9_universal2.whl", hash = "sha256:8f6bb621e5863cfe8fe5ff5468002d200ec31f30f1280b259dc505b02595099e", size = 766140, upload-time = "2026-06-07T21:05:37.471Z" },
    { url = "https://files.pythonhosted.org/packages/18/68/4ae5b4e08943f316594bb68da89957d3baf5760588fa09509594bd777e4b/aiohttp-3.14.1-cp310-cp310-macosx_10_9_x86_64.whl", hash = "sha256:4f7215cb3933784f79ed20e5f050e15984f390424339b22375d5a53c933a0491", size = 519430, upload-time = "2026-06-07T21:05:40.751Z" },
]

[[package]]
name = "h2"
version = "4.3.0"
source = { registry = "https://pypi.org/simple" }
dependencies = [
    { name = "hpack" },
    { name = "hyperframe" },
]
sdist = { url = "https://files.pythonhosted.org/packages/1d/17/afa56379f94ad0fe8defd37d6eb3f89a25404ffc71d4d848893d270325fc/h2-4.3.0.tar.gz", hash = "sha256:6c59efe4323fa18b47a632221a1888bd7fde6249819beda254aeca909f221bf1", size = 2152026, upload-time = "2025-08-23T18:12:19.778Z" }
wheels = [
    { url = "https://files.pythonhosted.org/packages/69/b2/119f6e6dcbd96f9069ce9a2665e0146588dc9f88f29549711853645e736a/h2-4.3.0-py3-none-any.whl", hash = "sha256:c438f029a25f7945c69e0ccf0fb951dc3f73a5f6412981daee861431b70e2bdd", size = 61779, upload-time = "2025-08-23T18:12:17.779Z" },
]

[[package]]
name = "headroom-ai"
version = "0.30.0"
source = { registry = "https://pypi.org/simple" }
dependencies = [
    { name = "click" },
    { name = "rich" },
    { name = "tomli", marker = "python_full_version < '3.11'" },
]
sdist = { url = "https://files.pythonhosted.org/packages/fa/cf/61bc24c72c7c64a32f3d82a1193d1bd96892564160acfeb380ad381b34a0/headroom_ai-0.30.0.tar.gz", hash = "sha256:ede80f5a81f4d438301048a2123b266f1b2705d361018b172ad9f2487aca6c95", size = 1993582, upload-time = "2026-07-03T19:49:10.717Z" }
wheels = [
    { url = "https://files.pythonhosted.org/packages/d1/61/bd6495a33d1cb098da61c651f803fe309acaa5331e4b92381b825cf868b9/headroom_ai-0.30.0-cp310-abi3-macosx_11_0_arm64.whl", hash = "sha256:9b10f4dec6451fce652fdb775e7dc7a999e98d3ee853d1eb569a7e2e550d79c5", size = 16512859, upload-time = "2026-07-03T19:49:00.816Z" },
]

[package.optional-dependencies]
proxy = [
    { name = "httpx", extra = ["http2"] },
    { name = "onnxruntime", version = "1.23.2", source = { registry = "https://pypi.org/simple" }, marker = "python_full_version < '3.11'" },
    { name = "onnxruntime", version = "1.26.0", source = { registry = "https://pypi.org/simple" }, marker = "python_full_version >= '3.11'" },
]

[[package]]
name = "httpx"
version = "0.28.1"
source = { registry = "https://pypi.org/simple" }
dependencies = [
    { name = "anyio" },
    { name = "certifi" },
    { name = "httpcore" },
    { name = "idna" },
]
sdist = { url = "https://files.pythonhosted.org/packages/b1/df/48c586a5fe32a0f01324ee087459e112ebb7224f646c0b5023f5e79e9956/httpx-0.28.1.tar.gz", hash = "sha256:75e98c5f16b0f35b567856f597f06ff2270a374470a5c2392242528e3e3e42fc", size = 141406, upload-time = "2024-12-06T15:37:23.222Z" }
wheels = [
    { url = "https://files.pythonhosted.org/packages/2a/39/e50c7c3a983047577ee07d2a9e53faf5a69493943ec3f6a384bdc792deb2/httpx-0.28.1-py3-none-any.whl", hash = "sha256:d909fcccc110f8c7faf814ca82a9a4d816bc5a6dbfea25d6591d6985b8ba59ad", size = 73517, upload-time = "2024-12-06T15:37:21.509Z" },
]

[package.optional-dependencies]
http2 = [
    { name = "h2" },
]

[[package]]
name = "socket-headroom-pin"
version = "0.0.0"
source = { virtual = "." }
dependencies = [
    { name = "headroom-ai", extra = ["proxy"] },
]

[package.metadata]
requires-dist = [{ name = "headroom-ai", extras = ["proxy"], specifier = "==0.30.0" }]
