lockfileVersion: '9.0'

settings:
  autoInstallPeers: true
  excludeLinksFromLockfile: false

catalogs:
  default:
    '@sinclair/typebox':
      specifier: 0.34.50
      version: 0.34.50
    '@socketregistry/packageurl-js-stable':
      specifier: npm:@socketregistry/packageurl-js@1.4.2
      version: 1.4.2
    '@socketsecurity/lib-stable':
      specifier: npm:@socketsecurity/lib@6.0.10
      version: 6.0.10
    '@socketsecurity/sdk-stable':
      specifier: npm:@socketsecurity/sdk@4.0.1
      version: 4.0.1
    '@types/node':
      specifier: 26.1.1
      version: 26.1.1
    '@ultrathink/acorn.wasm':
      specifier: npm:@ultrathink/acorn-wasm@0.0.1
      version: 0.0.1
    compromise:
      specifier: 14.15.1
      version: 14.15.1
    regjsparser:
      specifier: 0.13.2
      version: 0.13.2
    shell-quote:
      specifier: 1.10.0
      version: 1.10.0

overrides:
  '@socketregistry/packageurl-js': 1.4.2
  '@socketsecurity/lib': 6.0.10
  '@socketsecurity/registry': 2.0.2
  '@socketsecurity/sdk': 4.0.1
  chalk@>=5: 5.6.2
  es-define-property: npm:@socketregistry/es-define-property@1.0.7
  es-set-tostringtag: npm:@socketregistry/es-set-tostringtag@1.0.10
  function-bind: npm:@socketregistry/function-bind@1.0.7
  glob: 13.0.6
  gopd: npm:@socketregistry/gopd@1.0.7
  has-symbols: npm:@socketregistry/has-symbols@1.0.7
  has-tostringtag: npm:@socketregistry/has-tostringtag@1.0.7
  hasown: npm:@socketregistry/hasown@1.0.7
  iconv-lite: 0.7.2
  isexe@>=3: 4.0.0
  lru-cache@>=10: 11.3.6
  magic-string: 1.0.0
  mime-db: 1.54.0
  mime-types@>=3: 3.0.2
  minipass@>=4: 7.1.3
  safe-buffer: npm:@socketregistry/safe-buffer@1.0.9
  safer-buffer: npm:@socketregistry/safer-buffer@1.0.10
  semver@>=5.0.0 <7.6.0: 7.8.1
  side-channel: npm:@socketregistry/side-channel@1.0.10
  ssri@>=12: 13.0.1
  string-width@>=5: 8.1.0
  update-notifier@>=4.0.0: 7.3.1
  uuid: 11.1.1
  which: 7.0.0
  wrap-ansi@>=8: 9.0.2
  yaml@2: 2.9.0

importers:

  .claude/hooks/fleet/actionlint-on-workflow-edit:
    devDependencies:
      '@types/node':
        specifier: 'catalog:'
        version: 26.1.1

  .claude/hooks/fleet/adversarial-review-nudge:
    devDependencies:
      '@types/node':
        specifier: 'catalog:'
        version: 26.1.1

  .claude/hooks/fleet/agents-skills-mirror-nudge:
    devDependencies:
      '@types/node':
        specifier: 'catalog:'
        version: 26.1.1

  .claude/hooks/fleet/ai-config-drift-nudge:
    dependencies:
      '@socketsecurity/lib-stable':
        specifier: 'catalog:'
        version: '@socketsecurity/lib@6.0.10'
    devDependencies:
      '@types/node':
        specifier: 'catalog:'
        version: 26.1.1

  .claude/hooks/fleet/ai-config-poisoning-guard:
    dependencies:
      '@socketsecurity/lib-stable':
        specifier: 'catalog:'
        version: '@socketsecurity/lib@6.0.10'
    devDependencies:
      '@types/node':
        specifier: 'catalog:'
        version: 26.1.1

  .claude/hooks/fleet/alpha-sort-nudge:
    devDependencies:
      '@types/node':
        specifier: 'catalog:'
        version: 26.1.1

  .claude/hooks/fleet/answer-questions-nudge:
    devDependencies:
      '@types/node':
        specifier: 'catalog:'
        version: 26.1.1

  .claude/hooks/fleet/answer-status-requests-nudge:
    devDependencies:
      '@types/node':
        specifier: 'catalog:'
        version: 26.1.1

  .claude/hooks/fleet/anti-prose-guard:
    devDependencies:
      '@types/node':
        specifier: 'catalog:'
        version: 26.1.1

  .claude/hooks/fleet/ask-suppression-nudge:
    devDependencies:
      '@types/node':
        specifier: 'catalog:'
        version: 26.1.1

  .claude/hooks/fleet/auth-rotation-nudge:
    dependencies:
      '@socketsecurity/lib-stable':
        specifier: 'catalog:'
        version: '@socketsecurity/lib@6.0.10'
    devDependencies:
      '@types/node':
        specifier: 'catalog:'
        version: 26.1.1

  .claude/hooks/fleet/brew-supply-chain-guard:
    devDependencies:
      '@types/node':
        specifier: 'catalog:'
        version: 26.1.1

  .claude/hooks/fleet/broken-hook-detector:
    dependencies:
      shell-quote:
        specifier: 'catalog:'
        version: 1.10.0
    devDependencies:
      '@types/node':
        specifier: 'catalog:'
        version: 26.1.1

  .claude/hooks/fleet/bump-defers-to-release-guard:
    dependencies:
      '@socketsecurity/lib-stable':
        specifier: 'catalog:'
        version: '@socketsecurity/lib@6.0.10'
      shell-quote:
        specifier: 'catalog:'
        version: 1.10.0
    devDependencies:
      '@types/node':
        specifier: 'catalog:'
        version: 26.1.1

  .claude/hooks/fleet/bundle-flags-guard:
    devDependencies:
      '@types/node':
        specifier: 'catalog:'
        version: 26.1.1

  .claude/hooks/fleet/bundle-stale-reminder:
    devDependencies:
      '@types/node':
        specifier: 'catalog:'
        version: 26.1.1

  .claude/hooks/fleet/c8-ignore-reason-guard:
    devDependencies:
      '@types/node':
        specifier: 'catalog:'
        version: 26.1.1

  .claude/hooks/fleet/cascade-first-triage-nudge:
    devDependencies:
      '@types/node':
        specifier: 'catalog:'
        version: 26.1.1

  .claude/hooks/fleet/catch-message-guard:
    devDependencies:
      '@types/node':
        specifier: 'catalog:'
        version: 26.1.1

  .claude/hooks/fleet/cdn-allowlist-guard:
    devDependencies:
      '@socketsecurity/lib-stable':
        specifier: 'catalog:'
        version: '@socketsecurity/lib@6.0.10'
      '@types/node':
        specifier: 'catalog:'
        version: 26.1.1

  .claude/hooks/fleet/changelog-entry-shape-nudge:
    devDependencies:
      '@socketsecurity/lib-stable':
        specifier: 'catalog:'
        version: '@socketsecurity/lib@6.0.10'
      '@types/node':
        specifier: 'catalog:'
        version: 26.1.1

  .claude/hooks/fleet/changelog-no-empty-guard:
    devDependencies:
      '@types/node':
        specifier: 'catalog:'
        version: 26.1.1

  .claude/hooks/fleet/check-new-deps:
    dependencies:
      '@socketregistry/packageurl-js-stable':
        specifier: 'catalog:'
        version: '@socketregistry/packageurl-js@1.4.2'
      '@socketsecurity/lib-stable':
        specifier: 'catalog:'
        version: '@socketsecurity/lib@6.0.10'
      '@socketsecurity/sdk-stable':
        specifier: 'catalog:'
        version: '@socketsecurity/sdk@4.0.1'
    devDependencies:
      '@types/node':
        specifier: 'catalog:'
        version: 26.1.1

  .claude/hooks/fleet/claude-code-action-lockdown-guard:
    devDependencies:
      '@types/node':
        specifier: 'catalog:'
        version: 26.1.1

  .claude/hooks/fleet/claude-lockdown-guard:
    dependencies:
      shell-quote:
        specifier: 'catalog:'
        version: 1.10.0
    devDependencies:
      '@types/node':
        specifier: 'catalog:'
        version: 26.1.1

  .claude/hooks/fleet/claude-md-defer-detail-nudge:
    devDependencies:
      '@types/node':
        specifier: 'catalog:'
        version: 26.1.1

  .claude/hooks/fleet/claude-md-rule-add-guard:
    devDependencies:
      '@types/node':
        specifier: 'catalog:'
        version: 26.1.1

  .claude/hooks/fleet/claude-md-section-size-guard:
    dependencies:
      '@socketsecurity/lib-stable':
        specifier: 'catalog:'
        version: '@socketsecurity/lib@6.0.10'
    devDependencies:
      '@types/node':
        specifier: 'catalog:'
        version: 26.1.1

  .claude/hooks/fleet/claude-md-size-guard:
    devDependencies:
      '@types/node':
        specifier: 'catalog:'
        version: 26.1.1

  .claude/hooks/fleet/claude-segmentation-guard:
    devDependencies:
      '@socketsecurity/lib-stable':
        specifier: 'catalog:'
        version: '@socketsecurity/lib@6.0.10'
      '@types/node':
        specifier: 'catalog:'
        version: 26.1.1

  .claude/hooks/fleet/clone-reviewed-repo-nudge:
    devDependencies:
      '@socketsecurity/lib-stable':
        specifier: 'catalog:'
        version: '@socketsecurity/lib@6.0.10'
      '@types/node':
        specifier: 'catalog:'
        version: 26.1.1

  .claude/hooks/fleet/codex-no-write-guard:
    dependencies:
      shell-quote:
        specifier: 'catalog:'
        version: 1.10.0
    devDependencies:
      '@types/node':
        specifier: 'catalog:'
        version: 26.1.1

  .claude/hooks/fleet/codex-session-budget-guard:
    devDependencies:
      '@types/node':
        specifier: 'catalog:'
        version: 26.1.1

  .claude/hooks/fleet/commit-author-guard:
    devDependencies:
      '@types/node':
        specifier: 'catalog:'
        version: 26.1.1

  .claude/hooks/fleet/commit-cadence-nudge:
    devDependencies:
      '@types/node':
        specifier: 'catalog:'
        version: 26.1.1

  .claude/hooks/fleet/commit-message-format-guard:
    devDependencies:
      '@types/node':
        specifier: 'catalog:'
        version: 26.1.1

  .claude/hooks/fleet/commit-pr-nudge:
    devDependencies:
      '@types/node':
        specifier: 'catalog:'
        version: 26.1.1

  .claude/hooks/fleet/commit-size-nudge:
    devDependencies:
      '@types/node':
        specifier: 'catalog:'
        version: 26.1.1

  .claude/hooks/fleet/compound-lessons-nudge:
    devDependencies:
      '@types/node':
        specifier: 'catalog:'
        version: 26.1.1

  .claude/hooks/fleet/consumer-grep-nudge:
    devDependencies:
      '@types/node':
        specifier: 'catalog:'
        version: 26.1.1

  .claude/hooks/fleet/convo-prose-nudge:
    devDependencies:
      '@socketsecurity/lib-stable':
        specifier: 'catalog:'
        version: '@socketsecurity/lib@6.0.10'
      '@types/node':
        specifier: 'catalog:'
        version: 26.1.1

  .claude/hooks/fleet/cross-repo-guard:
    dependencies:
      '@socketsecurity/lib-stable':
        specifier: 'catalog:'
        version: '@socketsecurity/lib@6.0.10'
    devDependencies:
      '@types/node':
        specifier: 'catalog:'
        version: 26.1.1

  .claude/hooks/fleet/dated-citation-guard:
    devDependencies:
      '@types/node':
        specifier: 'catalog:'
        version: 26.1.1

  .claude/hooks/fleet/default-branch-guard:
    devDependencies:
      '@types/node':
        specifier: 'catalog:'
        version: 26.1.1

  .claude/hooks/fleet/dep-derived-source-nudge:
    devDependencies:
      '@types/node':
        specifier: 'catalog:'
        version: 26.1.1

  .claude/hooks/fleet/dirty-lockfile-nudge:
    devDependencies:
      '@types/node':
        specifier: 'catalog:'
        version: 26.1.1

  .claude/hooks/fleet/dirty-worktree-stop-guard:
    devDependencies:
      '@types/node':
        specifier: 'catalog:'
        version: 26.1.1

  .claude/hooks/fleet/dogfood-cascade-nudge:
    devDependencies:
      '@types/node':
        specifier: 'catalog:'
        version: 26.1.1

  .claude/hooks/fleet/dont-blame-nudge:
    devDependencies:
      '@types/node':
        specifier: 'catalog:'
        version: 26.1.1

  .claude/hooks/fleet/dont-stop-mid-queue-nudge:
    devDependencies:
      '@types/node':
        specifier: 'catalog:'
        version: 26.1.1

  .claude/hooks/fleet/drift-check-nudge:
    devDependencies:
      '@types/node':
        specifier: 'catalog:'
        version: 26.1.1

  .claude/hooks/fleet/enqueue-dont-pivot-nudge:
    devDependencies:
      '@types/node':
        specifier: 'catalog:'
        version: 26.1.1

  .claude/hooks/fleet/enterprise-push-nudge:
    dependencies:
      shell-quote:
        specifier: 'catalog:'
        version: 1.10.0
    devDependencies:
      '@types/node':
        specifier: 'catalog:'
        version: 26.1.1

  .claude/hooks/fleet/error-message-quality-nudge:
    dependencies:
      '@ultrathink/acorn.wasm':
        specifier: 'catalog:'
        version: '@ultrathink/acorn-wasm@0.0.1'
    devDependencies:
      '@types/node':
        specifier: 'catalog:'
        version: 26.1.1

  .claude/hooks/fleet/excuse-detector:
    devDependencies:
      '@types/node':
        specifier: 'catalog:'
        version: 26.1.1

  .claude/hooks/fleet/file-size-nudge:
    devDependencies:
      '@types/node':
        specifier: 'catalog:'
        version: 26.1.1

  .claude/hooks/fleet/follow-direct-imperative-nudge:
    devDependencies:
      '@types/node':
        specifier: 'catalog:'
        version: 26.1.1

  .claude/hooks/fleet/gh-token-hygiene-guard:
    dependencies:
      shell-quote:
        specifier: 'catalog:'
        version: 1.10.0
    devDependencies:
      '@types/node':
        specifier: 'catalog:'
        version: 26.1.1

  .claude/hooks/fleet/git-config-write-guard:
    devDependencies:
      '@types/node':
        specifier: 'catalog:'
        version: 26.1.1

  .claude/hooks/fleet/git-identity-drift-nudge:
    devDependencies:
      '@types/node':
        specifier: 'catalog:'
        version: 26.1.1

  .claude/hooks/fleet/gitmodules-comment-guard: {}

  .claude/hooks/fleet/golden-fixture-naming-guard:
    devDependencies:
      '@types/node':
        specifier: 'catalog:'
        version: 26.1.1

  .claude/hooks/fleet/headroom-proxy-start:
    dependencies:
      '@socketsecurity/lib-stable':
        specifier: 'catalog:'
        version: '@socketsecurity/lib@6.0.10'

  .claude/hooks/fleet/immutable-release-guard:
    devDependencies:
      '@types/node':
        specifier: 'catalog:'
        version: 26.1.1

  .claude/hooks/fleet/inline-script-defer-guard:
    devDependencies:
      '@types/node':
        specifier: 'catalog:'
        version: 26.1.1

  .claude/hooks/fleet/judgment-nudge:
    dependencies:
      compromise:
        specifier: 'catalog:'
        version: 14.15.1
    devDependencies:
      '@types/node':
        specifier: 'catalog:'
        version: 26.1.1

  .claude/hooks/fleet/land-fast-nudge:
    devDependencies:
      '@socketsecurity/lib-stable':
        specifier: 'catalog:'
        version: '@socketsecurity/lib@6.0.10'
      '@types/node':
        specifier: 'catalog:'
        version: 26.1.1

  .claude/hooks/fleet/lock-step-ref-nudge:
    devDependencies:
      '@types/node':
        specifier: 'catalog:'
        version: 26.1.1

  .claude/hooks/fleet/logger-guard:
    dependencies:
      '@ultrathink/acorn.wasm':
        specifier: 'catalog:'
        version: '@ultrathink/acorn-wasm@0.0.1'
    devDependencies:
      '@types/node':
        specifier: 'catalog:'
        version: 26.1.1

  .claude/hooks/fleet/markdown-filename-guard:
    dependencies:
      '@socketsecurity/lib-stable':
        specifier: 'catalog:'
        version: '@socketsecurity/lib@6.0.10'
    devDependencies:
      '@types/node':
        specifier: 'catalog:'
        version: 26.1.1

  .claude/hooks/fleet/marketplace-comment-guard: {}

  .claude/hooks/fleet/mass-delete-guard:
    dependencies:
      shell-quote:
        specifier: 'catalog:'
        version: 1.10.0
    devDependencies:
      '@types/node':
        specifier: 'catalog:'
        version: 26.1.1

  .claude/hooks/fleet/minimum-release-age-guard:
    devDependencies:
      '@types/node':
        specifier: 'catalog:'
        version: 26.1.1

  .claude/hooks/fleet/module-noun-name-guard:
    dependencies:
      '@socketsecurity/lib-stable':
        specifier: 'catalog:'
        version: '@socketsecurity/lib@6.0.10'
    devDependencies:
      '@types/node':
        specifier: 'catalog:'
        version: 26.1.1

  .claude/hooks/fleet/new-hook-claude-md-guard:
    devDependencies:
      '@types/node':
        specifier: 'catalog:'
        version: 26.1.1

  .claude/hooks/fleet/no-blanket-file-exclusion-guard:
    devDependencies:
      '@types/node':
        specifier: 'catalog:'
        version: 26.1.1

  .claude/hooks/fleet/no-blind-keychain-read-guard:
    devDependencies:
      '@types/node':
        specifier: 'catalog:'
        version: 26.1.1

  .claude/hooks/fleet/no-boolean-trap-guard:
    devDependencies:
      '@types/node':
        specifier: 'catalog:'
        version: 26.1.1

  .claude/hooks/fleet/no-branch-reuse-nudge:
    devDependencies:
      '@types/node':
        specifier: 'catalog:'
        version: 26.1.1

  .claude/hooks/fleet/no-corepack-guard:
    devDependencies:
      '@types/node':
        specifier: 'catalog:'
        version: 26.1.1

  .claude/hooks/fleet/no-direct-linter-guard:
    devDependencies:
      '@socketsecurity/lib-stable':
        specifier: 'catalog:'
        version: '@socketsecurity/lib@6.0.10'
      '@types/node':
        specifier: 'catalog:'
        version: 26.1.1

  .claude/hooks/fleet/no-disable-lint-rule-guard:
    devDependencies:
      '@types/node':
        specifier: 'catalog:'
        version: 26.1.1

  .claude/hooks/fleet/no-empty-commit-guard:
    dependencies:
      shell-quote:
        specifier: 'catalog:'
        version: 1.10.0
    devDependencies:
      '@types/node':
        specifier: 'catalog:'
        version: 26.1.1

  .claude/hooks/fleet/no-env-kill-switch-guard:
    devDependencies:
      '@types/node':
        specifier: 'catalog:'
        version: 26.1.1

  .claude/hooks/fleet/no-ext-issue-ref-guard:
    dependencies:
      '@socketsecurity/lib-stable':
        specifier: 'catalog:'
        version: '@socketsecurity/lib@6.0.10'
    devDependencies:
      '@types/node':
        specifier: 'catalog:'
        version: 26.1.1

  .claude/hooks/fleet/no-file-oxlint-disable-guard:
    devDependencies:
      '@types/node':
        specifier: 'catalog:'
        version: 26.1.1

  .claude/hooks/fleet/no-fleet-fork-guard:
    dependencies:
      '@socketsecurity/lib-stable':
        specifier: 'catalog:'
        version: '@socketsecurity/lib@6.0.10'
    devDependencies:
      '@types/node':
        specifier: 'catalog:'
        version: 26.1.1

  .claude/hooks/fleet/no-force-push-guard:
    devDependencies:
      '@types/node':
        specifier: 'catalog:'
        version: 26.1.1

  .claude/hooks/fleet/no-github-ai-attribution-guard:
    dependencies:
      '@socketsecurity/lib-stable':
        specifier: 'catalog:'
        version: '@socketsecurity/lib@6.0.10'
    devDependencies:
      '@types/node':
        specifier: 'catalog:'
        version: 26.1.1

  .claude/hooks/fleet/no-hook-cmd-regex-guard:
    devDependencies:
      '@types/node':
        specifier: 'catalog:'
        version: 26.1.1

  .claude/hooks/fleet/no-meta-comments-guard:
    dependencies:
      '@ultrathink/acorn.wasm':
        specifier: 'catalog:'
        version: '@ultrathink/acorn-wasm@0.0.1'
    devDependencies:
      '@types/node':
        specifier: 'catalog:'
        version: 26.1.1

  .claude/hooks/fleet/no-new-config-guard:
    dependencies:
      '@socketsecurity/lib-stable':
        specifier: 'catalog:'
        version: '@socketsecurity/lib@6.0.10'
    devDependencies:
      '@types/node':
        specifier: 'catalog:'
        version: 26.1.1

  .claude/hooks/fleet/no-non-fleet-push-guard:
    dependencies:
      shell-quote:
        specifier: 'catalog:'
        version: 1.10.0
    devDependencies:
      '@types/node':
        specifier: 'catalog:'
        version: 26.1.1

  .claude/hooks/fleet/no-npm-otp-flag-guard:
    dependencies:
      shell-quote:
        specifier: 'catalog:'
        version: 1.10.0
    devDependencies:
      '@types/node':
        specifier: 'catalog:'
        version: 26.1.1

  .claude/hooks/fleet/no-orphaned-staging:
    devDependencies:
      '@types/node':
        specifier: 'catalog:'
        version: 26.1.1

  .claude/hooks/fleet/no-other-linters-guard:
    devDependencies:
      '@types/node':
        specifier: 'catalog:'
        version: 26.1.1

  .claude/hooks/fleet/no-pkgjson-pnpm-overrides-guard:
    devDependencies:
      '@types/node':
        specifier: 'catalog:'
        version: 26.1.1

  .claude/hooks/fleet/no-placeholder-commit-subject-guard:
    dependencies:
      shell-quote:
        specifier: 'catalog:'
        version: 1.10.0
    devDependencies:
      '@types/node':
        specifier: 'catalog:'
        version: 26.1.1

  .claude/hooks/fleet/no-platform-import-guard:
    devDependencies:
      '@types/node':
        specifier: 'catalog:'
        version: 26.1.1

  .claude/hooks/fleet/no-pm-exec-guard:
    devDependencies:
      '@socketsecurity/lib-stable':
        specifier: 'catalog:'
        version: '@socketsecurity/lib@6.0.10'
      '@types/node':
        specifier: 'catalog:'
        version: 26.1.1

  .claude/hooks/fleet/no-pr-from-default-branch-guard:
    devDependencies:
      '@types/node':
        specifier: 'catalog:'
        version: 26.1.1

  .claude/hooks/fleet/no-pr-from-default-checkout-guard:
    devDependencies:
      '@types/node':
        specifier: 'catalog:'
        version: 26.1.1

  .claude/hooks/fleet/no-pr-review-verdict-guard:
    dependencies:
      shell-quote:
        specifier: 'catalog:'
        version: 1.10.0
    devDependencies:
      '@types/node':
        specifier: 'catalog:'
        version: 26.1.1

  .claude/hooks/fleet/no-premature-commit-kill-guard:
    devDependencies:
      '@socketsecurity/lib-stable':
        specifier: 'catalog:'
        version: '@socketsecurity/lib@6.0.10'
      '@types/node':
        specifier: 'catalog:'
        version: 26.1.1

  .claude/hooks/fleet/no-private-path-in-source-guard:
    dependencies:
      '@ultrathink/acorn.wasm':
        specifier: 'catalog:'
        version: '@ultrathink/acorn-wasm@0.0.1'
    devDependencies:
      '@types/node':
        specifier: 'catalog:'
        version: 26.1.1

  .claude/hooks/fleet/no-private-ref-in-tests-docs-guard:
    dependencies:
      '@socketsecurity/lib-stable':
        specifier: 'catalog:'
        version: '@socketsecurity/lib@6.0.10'
    devDependencies:
      '@types/node':
        specifier: 'catalog:'
        version: 26.1.1

  .claude/hooks/fleet/no-registry-mutation-in-repo-script-nudge:
    devDependencies:
      '@types/node':
        specifier: 'catalog:'
        version: 26.1.1

  .claude/hooks/fleet/no-removal-comment-nudge:
    devDependencies:
      '@types/node':
        specifier: 'catalog:'
        version: 26.1.1

  .claude/hooks/fleet/no-repo-scope-in-fleet-config-guard:
    devDependencies:
      '@types/node':
        specifier: 'catalog:'
        version: 26.1.1

  .claude/hooks/fleet/no-revert-guard:
    dependencies:
      shell-quote:
        specifier: 'catalog:'
        version: 1.10.0
    devDependencies:
      '@types/node':
        specifier: 'catalog:'
        version: 26.1.1

  .claude/hooks/fleet/no-strip-types-guard:
    dependencies:
      shell-quote:
        specifier: 'catalog:'
        version: 1.10.0
    devDependencies:
      '@types/node':
        specifier: 'catalog:'
        version: 26.1.1

  .claude/hooks/fleet/no-subagent-commit-guard:
    devDependencies:
      '@types/node':
        specifier: 'catalog:'
        version: 26.1.1

  .claude/hooks/fleet/no-tail-install-out-guard:
    dependencies:
      '@socketsecurity/lib-stable':
        specifier: 'catalog:'
        version: '@socketsecurity/lib@6.0.10'
    devDependencies:
      '@types/node':
        specifier: 'catalog:'
        version: 26.1.1

  .claude/hooks/fleet/no-test-in-scripts-guard:
    devDependencies:
      '@socketsecurity/lib-stable':
        specifier: 'catalog:'
        version: '@socketsecurity/lib@6.0.10'
      '@types/node':
        specifier: 'catalog:'
        version: 26.1.1

  .claude/hooks/fleet/no-token-in-dotenv-guard:
    devDependencies:
      '@types/node':
        specifier: 'catalog:'
        version: 26.1.1

  .claude/hooks/fleet/no-tsx-guard:
    devDependencies:
      '@types/node':
        specifier: 'catalog:'
        version: 26.1.1

  .claude/hooks/fleet/no-underscore-ident-guard:
    devDependencies:
      '@types/node':
        specifier: 'catalog:'
        version: 26.1.1

  .claude/hooks/fleet/no-unisolated-git-fixture-guard:
    devDependencies:
      '@types/node':
        specifier: 'catalog:'
        version: 26.1.1

  .claude/hooks/fleet/no-unmocked-net-guard:
    devDependencies:
      '@types/node':
        specifier: 'catalog:'
        version: 26.1.1

  .claude/hooks/fleet/no-verify-format-nudge:
    devDependencies:
      '@socketsecurity/lib-stable':
        specifier: 'catalog:'
        version: '@socketsecurity/lib@6.0.10'
      '@types/node':
        specifier: 'catalog:'
        version: 26.1.1

  .claude/hooks/fleet/node-modules-staging-guard:
    devDependencies:
      '@types/node':
        specifier: 'catalog:'
        version: 26.1.1

  .claude/hooks/fleet/non-fleet-pr-issue-ask-guard:
    dependencies:
      shell-quote:
        specifier: 'catalog:'
        version: 1.10.0

  .claude/hooks/fleet/npm-otp-flow-nudge:
    dependencies:
      shell-quote:
        specifier: 'catalog:'
        version: 1.10.0
    devDependencies:
      '@types/node':
        specifier: 'catalog:'
        version: 26.1.1

  .claude/hooks/fleet/npmrc-trust-optout-guard:
    devDependencies:
      '@types/node':
        specifier: 'catalog:'
        version: 26.1.1

  .claude/hooks/fleet/options-param-naming-guard:
    dependencies:
      '@ultrathink/acorn.wasm':
        specifier: 'catalog:'
        version: '@ultrathink/acorn-wasm@0.0.1'

  .claude/hooks/fleet/overeager-staging-guard:
    dependencies:
      shell-quote:
        specifier: 'catalog:'
        version: 1.10.0
    devDependencies:
      '@types/node':
        specifier: 'catalog:'
        version: 26.1.1

  .claude/hooks/fleet/oxlint-plugin-load-nudge:
    devDependencies:
      '@types/node':
        specifier: 'catalog:'
        version: 26.1.1

  .claude/hooks/fleet/package-manager-auto-update-guard:
    devDependencies:
      '@socketsecurity/lib-stable':
        specifier: 'catalog:'
        version: '@socketsecurity/lib@6.0.10'
      '@types/node':
        specifier: 'catalog:'
        version: 26.1.1

  .claude/hooks/fleet/parallel-agent-edit-guard:
    devDependencies:
      '@types/node':
        specifier: 'catalog:'
        version: 26.1.1

  .claude/hooks/fleet/parallel-agent-on-stop-nudge:
    devDependencies:
      '@types/node':
        specifier: 'catalog:'
        version: 26.1.1

  .claude/hooks/fleet/parallel-agent-removal-nudge:
    devDependencies:
      '@types/node':
        specifier: 'catalog:'
        version: 26.1.1

  .claude/hooks/fleet/parallel-agent-staging-guard:
    dependencies:
      shell-quote:
        specifier: 'catalog:'
        version: 1.10.0
    devDependencies:
      '@types/node':
        specifier: 'catalog:'
        version: 26.1.1

  .claude/hooks/fleet/path-guard:
    dependencies:
      '@ultrathink/acorn.wasm':
        specifier: 'catalog:'
        version: '@ultrathink/acorn-wasm@0.0.1'

  .claude/hooks/fleet/path-regex-normalize-nudge:
    dependencies:
      '@ultrathink/acorn.wasm':
        specifier: 'catalog:'
        version: '@ultrathink/acorn-wasm@0.0.1'
    devDependencies:
      '@types/node':
        specifier: 'catalog:'
        version: 26.1.1

  .claude/hooks/fleet/paths-mts-inherit-guard:
    dependencies:
      '@socketsecurity/lib-stable':
        specifier: 'catalog:'
        version: '@socketsecurity/lib@6.0.10'
    devDependencies:
      '@types/node':
        specifier: 'catalog:'
        version: 26.1.1

  .claude/hooks/fleet/personal-path-guard:
    devDependencies:
      '@types/node':
        specifier: 'catalog:'
        version: 26.1.1

  .claude/hooks/fleet/plan-location-guard:
    dependencies:
      '@socketsecurity/lib-stable':
        specifier: 'catalog:'
        version: '@socketsecurity/lib@6.0.10'
    devDependencies:
      '@types/node':
        specifier: 'catalog:'
        version: 26.1.1

  .claude/hooks/fleet/plan-review-nudge:
    devDependencies:
      '@types/node':
        specifier: 'catalog:'
        version: 26.1.1

  .claude/hooks/fleet/plugin-patch-format-guard:
    dependencies:
      '@socketsecurity/lib-stable':
        specifier: 'catalog:'
        version: '@socketsecurity/lib@6.0.10'
    devDependencies:
      '@types/node':
        specifier: 'catalog:'
        version: 26.1.1

  .claude/hooks/fleet/pnpm-filter-zero-match-nudge:
    devDependencies:
      '@types/node':
        specifier: 'catalog:'
        version: 26.1.1

  .claude/hooks/fleet/pointer-comment-nudge:
    dependencies:
      '@ultrathink/acorn.wasm':
        specifier: 'catalog:'
        version: '@ultrathink/acorn-wasm@0.0.1'
    devDependencies:
      '@types/node':
        specifier: 'catalog:'
        version: 26.1.1

  .claude/hooks/fleet/post-push-ci-monitor-nudge:
    devDependencies:
      '@types/node':
        specifier: 'catalog:'
        version: 26.1.1

  .claude/hooks/fleet/pr-vs-push-default-nudge:
    devDependencies:
      '@types/node':
        specifier: 'catalog:'
        version: 26.1.1

  .claude/hooks/fleet/pre-commit-race-nudge:
    devDependencies:
      '@types/node':
        specifier: 'catalog:'
        version: 26.1.1

  .claude/hooks/fleet/prefer-async-spawn-guard:
    devDependencies:
      '@types/node':
        specifier: 'catalog:'
        version: 26.1.1

  .claude/hooks/fleet/prefer-evergreen-target-nudge:
    devDependencies:
      '@types/node':
        specifier: 'catalog:'
        version: 26.1.1

  .claude/hooks/fleet/prefer-fn-decl-guard:
    devDependencies:
      '@types/node':
        specifier: 'catalog:'
        version: 26.1.1

  .claude/hooks/fleet/prefer-json-clone-guard:
    dependencies:
      '@ultrathink/acorn.wasm':
        specifier: 'catalog:'
        version: '@ultrathink/acorn-wasm@0.0.1'

  .claude/hooks/fleet/prefer-pipx-over-pip-guard:
    devDependencies:
      '@types/node':
        specifier: 'catalog:'
        version: 26.1.1

  .claude/hooks/fleet/prefer-rebase-over-revert-nudge:
    dependencies:
      shell-quote:
        specifier: 'catalog:'
        version: 1.10.0
    devDependencies:
      '@types/node':
        specifier: 'catalog:'
        version: 26.1.1

  .claude/hooks/fleet/prefer-type-import-guard:
    devDependencies:
      '@types/node':
        specifier: 'catalog:'
        version: 26.1.1

  .claude/hooks/fleet/prefer-vitest-guard:
    devDependencies:
      '@types/node':
        specifier: 'catalog:'
        version: 26.1.1

  .claude/hooks/fleet/primary-checkout-branch-guard:
    devDependencies:
      '@types/node':
        specifier: 'catalog:'
        version: 26.1.1

  .claude/hooks/fleet/private-name-nudge:
    devDependencies:
      '@types/node':
        specifier: 'catalog:'
        version: 26.1.1

  .claude/hooks/fleet/proc-environ-exfil-guard:
    devDependencies:
      '@types/node':
        specifier: 'catalog:'
        version: 26.1.1

  .claude/hooks/fleet/prompt-injection-guard:
    devDependencies:
      '@types/node':
        specifier: 'catalog:'
        version: 26.1.1

  .claude/hooks/fleet/provenance-publish-nudge:
    dependencies:
      '@socketsecurity/lib-stable':
        specifier: 'catalog:'
        version: '@socketsecurity/lib@6.0.10'
    devDependencies:
      '@types/node':
        specifier: 'catalog:'
        version: 26.1.1

  .claude/hooks/fleet/public-surface-nudge:
    devDependencies:
      '@types/node':
        specifier: 'catalog:'
        version: 26.1.1

  .claude/hooks/fleet/pull-request-target-guard:
    devDependencies:
      '@types/node':
        specifier: 'catalog:'
        version: 26.1.1

  .claude/hooks/fleet/push-protected-branch-guard:
    devDependencies:
      '@types/node':
        specifier: 'catalog:'
        version: 26.1.1

  .claude/hooks/fleet/readme-fleet-shape-guard:
    dependencies:
      '@socketsecurity/lib-stable':
        specifier: 'catalog:'
        version: '@socketsecurity/lib@6.0.10'
    devDependencies:
      '@types/node':
        specifier: 'catalog:'
        version: 26.1.1

  .claude/hooks/fleet/release-tag-tied-guard:
    devDependencies:
      '@types/node':
        specifier: 'catalog:'
        version: 26.1.1

  .claude/hooks/fleet/release-workflow-guard:
    dependencies:
      shell-quote:
        specifier: 'catalog:'
        version: 1.10.0
    devDependencies:
      '@socketsecurity/lib-stable':
        specifier: 'catalog:'
        version: '@socketsecurity/lib@6.0.10'
      '@types/node':
        specifier: 'catalog:'
        version: 26.1.1

  .claude/hooks/fleet/reply-prose-nudge:
    devDependencies:
      '@types/node':
        specifier: 'catalog:'
        version: 26.1.1

  .claude/hooks/fleet/report-location-guard:
    dependencies:
      '@socketsecurity/lib-stable':
        specifier: 'catalog:'
        version: '@socketsecurity/lib@6.0.10'
    devDependencies:
      '@types/node':
        specifier: 'catalog:'
        version: 26.1.1

  .claude/hooks/fleet/reserved-script-dir-guard:
    devDependencies:
      '@socketsecurity/lib-stable':
        specifier: 'catalog:'
        version: '@socketsecurity/lib@6.0.10'
      '@types/node':
        specifier: 'catalog:'
        version: 26.1.1

  .claude/hooks/fleet/scan-label-in-commit-guard:
    dependencies:
      shell-quote:
        specifier: 'catalog:'
        version: 1.10.0
    devDependencies:
      '@types/node':
        specifier: 'catalog:'
        version: 26.1.1

  .claude/hooks/fleet/secret-content-guard:
    devDependencies:
      '@socketsecurity/lib-stable':
        specifier: 'catalog:'
        version: '@socketsecurity/lib@6.0.10'
      '@types/node':
        specifier: 'catalog:'
        version: 26.1.1

  .claude/hooks/fleet/sed-in-place-guard:
    devDependencies:
      '@types/node':
        specifier: 'catalog:'
        version: 26.1.1

  .claude/hooks/fleet/session-handoff-nudge:
    devDependencies:
      '@types/node':
        specifier: 'catalog:'
        version: 26.1.1

  .claude/hooks/fleet/setup-basics-tools:
    devDependencies:
      '@socketsecurity/lib-stable':
        specifier: 'catalog:'
        version: '@socketsecurity/lib@6.0.10'
      '@types/node':
        specifier: 'catalog:'
        version: 26.1.1

  .claude/hooks/fleet/setup-claude-scanners:
    devDependencies:
      '@socketsecurity/lib-stable':
        specifier: 'catalog:'
        version: '@socketsecurity/lib@6.0.10'
      '@types/node':
        specifier: 'catalog:'
        version: 26.1.1

  .claude/hooks/fleet/setup-firewall:
    devDependencies:
      '@socketsecurity/lib-stable':
        specifier: 'catalog:'
        version: '@socketsecurity/lib@6.0.10'
      '@types/node':
        specifier: 'catalog:'
        version: 26.1.1

  .claude/hooks/fleet/setup-misc-tools:
    devDependencies:
      '@socketsecurity/lib-stable':
        specifier: 'catalog:'
        version: '@socketsecurity/lib@6.0.10'
      '@types/node':
        specifier: 'catalog:'
        version: 26.1.1

  .claude/hooks/fleet/setup-security-tools:
    dependencies:
      '@sinclair/typebox':
        specifier: 'catalog:'
        version: 0.34.50
      '@socketregistry/packageurl-js-stable':
        specifier: 'catalog:'
        version: '@socketregistry/packageurl-js@1.4.2'
      '@socketsecurity/lib-stable':
        specifier: 'catalog:'
        version: '@socketsecurity/lib@6.0.10'

  .claude/hooks/fleet/setup-signing:
    devDependencies:
      '@types/node':
        specifier: 'catalog:'
        version: 26.1.1

  .claude/hooks/fleet/shallow-clone-guard:
    devDependencies:
      '@types/node':
        specifier: 'catalog:'
        version: 26.1.1

  .claude/hooks/fleet/skill-usage-logger:
    devDependencies:
      '@types/node':
        specifier: 'catalog:'
        version: 26.1.1

  .claude/hooks/fleet/small-pr-nudge:
    devDependencies:
      '@types/node':
        specifier: 'catalog:'
        version: 26.1.1

  .claude/hooks/fleet/soak-exclude-date-guard: {}

  .claude/hooks/fleet/soak-exclude-scope-guard:
    devDependencies:
      '@types/node':
        specifier: 'catalog:'
        version: 26.1.1

  .claude/hooks/fleet/soak-pin-needs-annotation-guard:
    devDependencies:
      '@types/node':
        specifier: 'catalog:'
        version: 26.1.1

  .claude/hooks/fleet/squash-history-nudge:
    dependencies:
      '@socketsecurity/lib-stable':
        specifier: 'catalog:'
        version: '@socketsecurity/lib@6.0.10'
    devDependencies:
      '@types/node':
        specifier: 'catalog:'
        version: 26.1.1

  .claude/hooks/fleet/stale-process-sweeper: {}

  .claude/hooks/fleet/stop-claim-verify-nudge:
    devDependencies:
      '@types/node':
        specifier: 'catalog:'
        version: 26.1.1

  .claude/hooks/fleet/sweep-ds-store:
    devDependencies:
      '@types/node':
        specifier: 'catalog:'
        version: 26.1.1

  .claude/hooks/fleet/target-arch-env-guard:
    devDependencies:
      '@types/node':
        specifier: 'catalog:'
        version: 26.1.1

  .claude/hooks/fleet/test-script-defers-guard:
    devDependencies:
      '@types/node':
        specifier: 'catalog:'
        version: 26.1.1

  .claude/hooks/fleet/token-guard: {}

  .claude/hooks/fleet/token-spend-guard:
    devDependencies:
      '@types/node':
        specifier: 'catalog:'
        version: 26.1.1

  .claude/hooks/fleet/trust-downgrade-guard:
    devDependencies:
      '@types/node':
        specifier: 'catalog:'
        version: 26.1.1

  .claude/hooks/fleet/unbacked-claim-commit-guard:
    dependencies:
      shell-quote:
        specifier: 'catalog:'
        version: 1.10.0
    devDependencies:
      '@types/node':
        specifier: 'catalog:'
        version: 26.1.1

  .claude/hooks/fleet/uncodified-lesson-nudge:
    devDependencies:
      '@types/node':
        specifier: 'catalog:'
        version: 26.1.1

  .claude/hooks/fleet/unpushed-main-nudge:
    devDependencies:
      '@socketsecurity/lib-stable':
        specifier: 'catalog:'
        version: '@socketsecurity/lib@6.0.10'
      '@types/node':
        specifier: 'catalog:'
        version: 26.1.1

  .claude/hooks/fleet/untrusted-coauthor-guard:
    devDependencies:
      '@types/node':
        specifier: 'catalog:'
        version: 26.1.1

  .claude/hooks/fleet/uses-sha-verify-guard: {}

  .claude/hooks/fleet/variant-analysis-nudge:
    devDependencies:
      '@types/node':
        specifier: 'catalog:'
        version: 26.1.1

  .claude/hooks/fleet/verify-render-pre-commit-nudge:
    devDependencies:
      '@types/node':
        specifier: 'catalog:'
        version: 26.1.1

  .claude/hooks/fleet/version-bump-order-guard:
    dependencies:
      shell-quote:
        specifier: 'catalog:'
        version: 1.10.0
    devDependencies:
      '@types/node':
        specifier: 'catalog:'
        version: 26.1.1

  .claude/hooks/fleet/vitest-vs-node-test-guard:
    devDependencies:
      '@types/node':
        specifier: 'catalog:'
        version: 26.1.1

  .claude/hooks/fleet/workflow-multiline-body-guard:
    devDependencies:
      '@types/node':
        specifier: 'catalog:'
        version: 26.1.1

  .claude/hooks/fleet/workflow-uses-comment-guard: {}

  .claude/hooks/fleet/worktree-remove-relink-nudge:
    dependencies:
      shell-quote:
        specifier: 'catalog:'
        version: 1.10.0
    devDependencies:
      '@types/node':
        specifier: 'catalog:'
        version: 26.1.1

  .config/fleet/oxlint-plugin:
    dependencies:
      '@ultrathink/acorn.wasm':
        specifier: 'catalog:'
        version: '@ultrathink/acorn-wasm@0.0.1'
      regjsparser:
        specifier: 'catalog:'
        version: 0.13.2

  .config/fleet/oxlint-plugin/fleet/export-top-level-functions: {}

  .config/fleet/oxlint-plugin/fleet/guard-contract: {}

  .config/fleet/oxlint-plugin/fleet/inclusive-language: {}

  .config/fleet/oxlint-plugin/fleet/max-file-lines: {}

  .config/fleet/oxlint-plugin/fleet/no-agent-brand-assumption: {}

  .config/fleet/oxlint-plugin/fleet/no-bare-crypto-named-usage: {}

  .config/fleet/oxlint-plugin/fleet/no-bare-spawn-childproc-access: {}

  .config/fleet/oxlint-plugin/fleet/no-boolean-trap-param: {}

  .config/fleet/oxlint-plugin/fleet/no-cached-for-on-iterable: {}

  .config/fleet/oxlint-plugin/fleet/no-comment-glob-star-slash: {}

  .config/fleet/oxlint-plugin/fleet/no-console-prefer-logger: {}

  .config/fleet/oxlint-plugin/fleet/no-default-export: {}

  .config/fleet/oxlint-plugin/fleet/no-dynamic-import-outside-bundle: {}

  .config/fleet/oxlint-plugin/fleet/no-eslint-biome-config-ref: {}

  .config/fleet/oxlint-plugin/fleet/no-fetch-prefer-http-request: {}

  .config/fleet/oxlint-plugin/fleet/no-file-scope-oxlint-disable: {}

  .config/fleet/oxlint-plugin/fleet/no-fileoverview-prefer-file: {}

  .config/fleet/oxlint-plugin/fleet/no-inline-defer-async: {}

  .config/fleet/oxlint-plugin/fleet/no-inline-logger: {}

  .config/fleet/oxlint-plugin/fleet/no-lib-barrel-import: {}

  .config/fleet/oxlint-plugin/fleet/no-logger-newline-literal: {}

  .config/fleet/oxlint-plugin/fleet/no-malformed-bypass-marker: {}

  .config/fleet/oxlint-plugin/fleet/no-minified-bundler-output: {}

  .config/fleet/oxlint-plugin/fleet/no-module-eval-side-effects: {}

  .config/fleet/oxlint-plugin/fleet/no-namespace-import: {}

  .config/fleet/oxlint-plugin/fleet/no-npx-dlx: {}

  .config/fleet/oxlint-plugin/fleet/no-options-param-mutation: {}

  .config/fleet/oxlint-plugin/fleet/no-package-manager-auto-update-reenable: {}

  .config/fleet/oxlint-plugin/fleet/no-placeholders: {}

  .config/fleet/oxlint-plugin/fleet/no-platform-specific-import: {}

  .config/fleet/oxlint-plugin/fleet/no-private-path-in-source: {}

  .config/fleet/oxlint-plugin/fleet/no-process-chdir: {}

  .config/fleet/oxlint-plugin/fleet/no-process-cwd-in-scripts-hooks: {}

  .config/fleet/oxlint-plugin/fleet/no-promise-race: {}

  .config/fleet/oxlint-plugin/fleet/no-promise-race-in-loop: {}

  .config/fleet/oxlint-plugin/fleet/no-runtime-features-below-engine-floor: {}

  .config/fleet/oxlint-plugin/fleet/no-source-sniffing: {}

  .config/fleet/oxlint-plugin/fleet/no-spawn-stream-double-consume: {}

  .config/fleet/oxlint-plugin/fleet/no-spawnsync-code-field: {}

  .config/fleet/oxlint-plugin/fleet/no-src-import-in-test-expect: {}

  .config/fleet/oxlint-plugin/fleet/no-status-emoji: {}

  .config/fleet/oxlint-plugin/fleet/no-structured-clone-prefer-json: {}

  .config/fleet/oxlint-plugin/fleet/no-sync-rm-in-test-lifecycle: {}

  .config/fleet/oxlint-plugin/fleet/no-top-level-await: {}

  .config/fleet/oxlint-plugin/fleet/no-underscore-identifier: {}

  .config/fleet/oxlint-plugin/fleet/no-use-strict-in-esm: {}

  .config/fleet/oxlint-plugin/fleet/no-vitest-empty-test: {}

  .config/fleet/oxlint-plugin/fleet/no-vitest-focused-tests: {}

  .config/fleet/oxlint-plugin/fleet/no-vitest-identical-title: {}

  .config/fleet/oxlint-plugin/fleet/no-vitest-skipped-tests: {}

  .config/fleet/oxlint-plugin/fleet/no-vitest-standalone-expect: {}

  .config/fleet/oxlint-plugin/fleet/no-which-for-local-bin: {}

  .config/fleet/oxlint-plugin/fleet/normalize-path-before-match: {}

  .config/fleet/oxlint-plugin/fleet/optional-explicit-undefined: {}

  .config/fleet/oxlint-plugin/fleet/options-null-proto: {}

  .config/fleet/oxlint-plugin/fleet/options-param-naming: {}

  .config/fleet/oxlint-plugin/fleet/personal-path-placeholders: {}

  .config/fleet/oxlint-plugin/fleet/prefer-async-spawn: {}

  .config/fleet/oxlint-plugin/fleet/prefer-cached-for-loop: {}

  .config/fleet/oxlint-plugin/fleet/prefer-ellipsis-char: {}

  .config/fleet/oxlint-plugin/fleet/prefer-env-as-boolean: {}

  .config/fleet/oxlint-plugin/fleet/prefer-error-message: {}

  .config/fleet/oxlint-plugin/fleet/prefer-error-message-helper: {}

  .config/fleet/oxlint-plugin/fleet/prefer-exists-sync: {}

  .config/fleet/oxlint-plugin/fleet/prefer-find-repo-root: {}

  .config/fleet/oxlint-plugin/fleet/prefer-find-up-package-json: {}

  .config/fleet/oxlint-plugin/fleet/prefer-function-declaration: {}

  .config/fleet/oxlint-plugin/fleet/prefer-mock-import: {}

  .config/fleet/oxlint-plugin/fleet/prefer-node-builtin-imports: {}

  .config/fleet/oxlint-plugin/fleet/prefer-node-modules-dot-cache: {}

  .config/fleet/oxlint-plugin/fleet/prefer-non-capturing-group: {}

  .config/fleet/oxlint-plugin/fleet/prefer-normalize-path: {}

  .config/fleet/oxlint-plugin/fleet/prefer-optional-chain: {}

  .config/fleet/oxlint-plugin/fleet/prefer-pure-call-form: {}

  .config/fleet/oxlint-plugin/fleet/prefer-safe-delete: {}

  .config/fleet/oxlint-plugin/fleet/prefer-separate-type-import: {}

  .config/fleet/oxlint-plugin/fleet/prefer-shell-win32: {}

  .config/fleet/oxlint-plugin/fleet/prefer-spawn-over-execsync: {}

  .config/fleet/oxlint-plugin/fleet/prefer-stable-external-semver: {}

  .config/fleet/oxlint-plugin/fleet/prefer-stable-self-import: {}

  .config/fleet/oxlint-plugin/fleet/prefer-static-type-import: {}

  .config/fleet/oxlint-plugin/fleet/prefer-typebox-schema: {}

  .config/fleet/oxlint-plugin/fleet/prefer-undefined-over-null: {}

  .config/fleet/oxlint-plugin/fleet/prefer-windows-test-helpers: {}

  .config/fleet/oxlint-plugin/fleet/require-async-iife-entry: {}

  .config/fleet/oxlint-plugin/fleet/require-regex-comment:
    dependencies:
      regjsparser:
        specifier: 'catalog:'
        version: 0.13.2

  .config/fleet/oxlint-plugin/fleet/require-vitest-globals-import: {}

  .config/fleet/oxlint-plugin/fleet/socket-api-token-env: {}

  .config/fleet/oxlint-plugin/fleet/sort-array-literals: {}

  .config/fleet/oxlint-plugin/fleet/sort-boolean-chains: {}

  .config/fleet/oxlint-plugin/fleet/sort-equality-disjunctions: {}

  .config/fleet/oxlint-plugin/fleet/sort-named-imports: {}

  .config/fleet/oxlint-plugin/fleet/sort-object-literal-properties: {}

  .config/fleet/oxlint-plugin/fleet/sort-regex-alternations: {}

  .config/fleet/oxlint-plugin/fleet/sort-set-args: {}

  .config/fleet/oxlint-plugin/fleet/sort-source-methods: {}

  .config/fleet/oxlint-plugin/fleet/use-fleet-canonical-api-token-getter: {}

packages:

  '@sinclair/typebox@0.34.50':
    resolution: {integrity: sha512-ydBWw0G6WFwWHzh9RK4B5c690UkreOG0llq0r+DaI7LgKgxigf8mhHzIPI3S0850g1BPkq/zpuCfrq4QFgUlTQ==}

  '@socketregistry/packageurl-js@1.4.2':
    resolution: {integrity: sha512-yt9UfUzD02wZ7kwb67oe4jxG2D9JtgPqjrK/ans2BovFyeie0w8hvRR0MuOWM4mUt2371oFPp7NB6O5ZjYJmlw==}
    engines: {node: '>=18.20.8', pnpm: '>=11.0.0-rc.0'}

  '@socketsecurity/lib@6.0.10':
    resolution: {integrity: sha512-SQF1tnF34kHguCfRNrfqOUUio0Rrnts6uuw5XoH6S0KdE7v922DYlUJ/gG0vclBc3AjuEQQU8Vex/oa2GNQ90A==}
    engines: {node: '>=22', npm: '>=12.0.0', pnpm: '>=11.0.5'}
    hasBin: true
    peerDependencies:
      typescript: '>=5.0.0'
    peerDependenciesMeta:
      typescript:
        optional: true

  '@socketsecurity/sdk@4.0.1':
    resolution: {integrity: sha512-fe3DQp2dFwhc0G6Za36GIMSV+QaPAP5L96K3ZOtywt9nhbwxc9IQwqzdOVztdn5Rbez3t9EHU9Esj24/hWdP0g==}
    engines: {node: '>=18.20.8', pnpm: '>=11.0.0-rc.0'}

  '@types/node@26.1.1':
    resolution: {integrity: sha512-nxAkRSVkN1Y0JC1W8ky/fTfkGsMmcrRsbx+3XoZE+rMOX71kLYTV7fLXpqud1GpbpP5TuffXFqfX7fH2GgZREw==}

  '@ultrathink/acorn-wasm@0.0.1':
    resolution: {integrity: sha512-XAYEvamnSuvhLxQm5eXl31dxMmh+fhhJrZDOY70siPU46feNF9In5utVjhzskezBoqRaSn7/QlbMcZSTd4KE7A==}
    engines: {node: '>=18'}

  compromise@14.15.1:
    resolution: {integrity: sha512-9F3UkUaEU1PPz2fgStkE/TI4tk++0wHxS8xfWq9PQWL/v28dy8bEcPVVSLh3dISIRD7PEhJ8YTzHRKF8y9tnLA==}
    engines: {node: '>=12.0.0'}

  efrt@2.7.0:
    resolution: {integrity: sha512-/RInbCy1d4P6Zdfa+TMVsf/ufZVotat5hCw3QXmWtjU+3pFEOvOQ7ibo3aIxyCJw2leIeAMjmPj+1SLJiCpdrQ==}
    engines: {node: '>=12.0.0'}

  grad-school@0.0.5:
    resolution: {integrity: sha512-rXunEHF9M9EkMydTBux7+IryYXEZinRk6g8OBOGDBzo/qWJjhTxy86i5q7lQYpCLHN8Sqv1XX3OIOc7ka2gtvQ==}
    engines: {node: '>=8.0.0'}

  jsesc@3.1.0:
    resolution: {integrity: sha512-/sM3dO2FOzXjKQhJuo0Q173wf2KOo8t4I8vHy6lF9poUp7bKT0/NHE8fPX23PwfhnykfqnC2xRxOnVw5XuGIaA==}
    engines: {node: '>=6'}
    hasBin: true

  regjsparser@0.13.2:
    resolution: {integrity: sha512-NgRBy2Nx/bE+9F27nVHnqcN5HjyLmecqsqx2PJHu3/IEtADD4WuxuXIVExD5PoSDFVrl78dOonfcOe5O+5nbzQ==}
    hasBin: true

  shell-quote@1.10.0:
    resolution: {integrity: sha512-w1aiOKwKuRgtwAReIIj89puqg+I7GvX4IbLrvmhXbzQsj1+Zwi4VO3+fa6ZF91TWSjIxoEkKnMeHcLEODK5ZXA==}
    engines: {node: '>= 0.4'}

  suffix-thumb@5.0.2:
    resolution: {integrity: sha512-I5PWXAFKx3FYnI9a+dQMWNqTxoRt6vdBdb0O+BJ1sxXCWtSoQCusc13E58f+9p4MYx/qCnEMkD5jac6K2j3dgA==}

  undici-types@8.3.0:
    resolution: {integrity: sha512-j375ScV60dom+YkPFIfTLcOiPxkN/buHz5GobjLhixFuANaNs3C9l4GmrWqejgXWJ7BbJcFYpTEUkS1Ge8bpZQ==}

snapshots:

  '@sinclair/typebox@0.34.50': {}

  '@socketregistry/packageurl-js@1.4.2': {}

  '@socketsecurity/lib@6.0.10': {}

  '@socketsecurity/sdk@4.0.1': {}

  '@types/node@26.1.1':
    dependencies:
      undici-types: 8.3.0

  '@ultrathink/acorn-wasm@0.0.1': {}

  compromise@14.15.1:
    dependencies:
      efrt: 2.7.0
      grad-school: 0.0.5
      suffix-thumb: 5.0.2

  efrt@2.7.0: {}

  grad-school@0.0.5: {}

  jsesc@3.1.0: {}

  regjsparser@0.13.2:
    dependencies:
      jsesc: 3.1.0

  shell-quote@1.10.0: {}

  suffix-thumb@5.0.2: {}

  undici-types@8.3.0: {}
